{
  "version": 4,
  "terraform_version": "1.5.7",
  "serial": 24,
  "lineage": "6bcc13ec-c50e-4df9-3294-32d230db3008",
  "outputs": {
    "all_external_ips": {
      "value": {
        "jumpbox-0": "34.67.97.45",
        "node-0": "35.239.81.253",
        "node-1": "34.68.239.172",
        "server": "146.148.75.190"
      },
      "type": [
        "object",
        {
          "jumpbox-0": "string",
          "node-0": "string",
          "node-1": "string",
          "server": "string"
        }
      ]
    },
    "all_internal_ips": {
      "value": {
        "jumpbox-0": "10.128.0.9",
        "node-0": "10.128.0.6",
        "node-1": "10.128.0.7",
        "server": "10.128.0.10"
      },
      "type": [
        "object",
        {
          "jumpbox-0": "string",
          "node-0": "string",
          "node-1": "string",
          "server": "string"
        }
      ]
    },
    "cluster_summary": {
      "value": {
        "jumpbox": 1,
        "machine_type": "e2-small",
        "region": "us-central1",
        "server": 1,
        "total_nodes": 4,
        "workers": 2,
        "zone": "us-central1-a"
      },
      "type": [
        "object",
        {
          "jumpbox": "number",
          "machine_type": "string",
          "region": "string",
          "server": "number",
          "total_nodes": "number",
          "workers": "number",
          "zone": "string"
        }
      ]
    },
    "quick_ssh_jumpbox": {
      "value": "ssh -i ~/.ssh/kthw-gcp kthw-gcp@34.67.97.45",
      "type": "string"
    },
    "quick_ssh_server": {
      "value": "ssh -i ~/.ssh/kthw-gcp kthw-gcp@146.148.75.190",
      "type": "string"
    },
    "ssh_commands": {
      "value": {
        "jumpbox-0": "ssh -i ~/.ssh/kthw-gcp kthw-gcp@34.67.97.45",
        "node-0": "ssh -i ~/.ssh/kthw-gcp kthw-gcp@35.239.81.253",
        "node-1": "ssh -i ~/.ssh/kthw-gcp kthw-gcp@34.68.239.172",
        "server": "ssh -i ~/.ssh/kthw-gcp kthw-gcp@146.148.75.190"
      },
      "type": [
        "object",
        {
          "jumpbox-0": "string",
          "node-0": "string",
          "node-1": "string",
          "server": "string"
        }
      ]
    }
  },
  "resources": [
    {
      "mode": "managed",
      "type": "google_compute_firewall",
      "name": "allow_icmp",
      "provider": "provider[\"registry.terraform.io/hashicorp/google\"]",
      "instances": [
        {
          "schema_version": 1,
          "attributes": {
            "allow": [
              {
                "ports": [],
                "protocol": "icmp"
              }
            ],
            "creation_timestamp": "2025-08-30T04:26:44.180-07:00",
            "deny": [],
            "description": "",
            "destination_ranges": [],
            "direction": "INGRESS",
            "disabled": false,
            "enable_logging": null,
            "id": "projects/stoked-outlook-470308-s7/global/firewalls/kthw-allow-icmp",
            "log_config": [],
            "name": "kthw-allow-icmp",
            "network": "https://www.googleapis.com/compute/v1/projects/stoked-outlook-470308-s7/global/networks/default",
            "priority": 1000,
            "project": "stoked-outlook-470308-s7",
            "self_link": "https://www.googleapis.com/compute/v1/projects/stoked-outlook-470308-s7/global/firewalls/kthw-allow-icmp",
            "source_ranges": [
              "0.0.0.0/0"
            ],
            "source_service_accounts": [],
            "source_tags": [],
            "target_service_accounts": [],
            "target_tags": [
              "kthw"
            ],
            "timeouts": null
          },
          "sensitive_attributes": [],
          "private": "eyJlMmJmYjczMC1lY2FhLTExZTYtOGY4OC0zNDM2M2JjN2M0YzAiOnsiY3JlYXRlIjoxMjAwMDAwMDAwMDAwLCJkZWxldGUiOjEyMDAwMDAwMDAwMDAsInVwZGF0ZSI6MTIwMDAwMDAwMDAwMH0sInNjaGVtYV92ZXJzaW9uIjoiMSJ9"
        }
      ]
    },
    {
      "mode": "managed",
      "type": "google_compute_firewall",
      "name": "allow_internal_k8s",
      "provider": "provider[\"registry.terraform.io/hashicorp/google\"]",
      "instances": [
        {
          "schema_version": 1,
          "attributes": {
            "allow": [
              {
                "ports": [
                  "2379-2380",
                  "10250",
                  "10251",
                  "10252",
                  "10256"
                ],
                "protocol": "tcp"
              },
              {
                "ports": [
                  "8472"
                ],
                "protocol": "udp"
              }
            ],
            "creation_timestamp": "2025-08-30T04:26:43.874-07:00",
            "deny": [],
            "description": "",
            "destination_ranges": [],
            "direction": "INGRESS",
            "disabled": false,
            "enable_logging": null,
            "id": "projects/stoked-outlook-470308-s7/global/firewalls/kthw-allow-internal",
            "log_config": [],
            "name": "kthw-allow-internal",
            "network": "https://www.googleapis.com/compute/v1/projects/stoked-outlook-470308-s7/global/networks/default",
            "priority": 1000,
            "project": "stoked-outlook-470308-s7",
            "self_link": "https://www.googleapis.com/compute/v1/projects/stoked-outlook-470308-s7/global/firewalls/kthw-allow-internal",
            "source_ranges": [
              "10.128.0.0/9"
            ],
            "source_service_accounts": [],
            "source_tags": [],
            "target_service_accounts": [],
            "target_tags": [
              "kthw"
            ],
            "timeouts": null
          },
          "sensitive_attributes": [],
          "private": "eyJlMmJmYjczMC1lY2FhLTExZTYtOGY4OC0zNDM2M2JjN2M0YzAiOnsiY3JlYXRlIjoxMjAwMDAwMDAwMDAwLCJkZWxldGUiOjEyMDAwMDAwMDAwMDAsInVwZGF0ZSI6MTIwMDAwMDAwMDAwMH0sInNjaGVtYV92ZXJzaW9uIjoiMSJ9"
        }
      ]
    },
    {
      "mode": "managed",
      "type": "google_compute_firewall",
      "name": "allow_k8s_api",
      "provider": "provider[\"registry.terraform.io/hashicorp/google\"]",
      "instances": [
        {
          "schema_version": 1,
          "attributes": {
            "allow": [
              {
                "ports": [
                  "6443"
                ],
                "protocol": "tcp"
              }
            ],
            "creation_timestamp": "2025-08-30T04:26:44.295-07:00",
            "deny": [],
            "description": "",
            "destination_ranges": [],
            "direction": "INGRESS",
            "disabled": false,
            "enable_logging": null,
            "id": "projects/stoked-outlook-470308-s7/global/firewalls/kthw-allow-k8s-api",
            "log_config": [],
            "name": "kthw-allow-k8s-api",
            "network": "https://www.googleapis.com/compute/v1/projects/stoked-outlook-470308-s7/global/networks/default",
            "priority": 1000,
            "project": "stoked-outlook-470308-s7",
            "self_link": "https://www.googleapis.com/compute/v1/projects/stoked-outlook-470308-s7/global/firewalls/kthw-allow-k8s-api",
            "source_ranges": [
              "0.0.0.0/0"
            ],
            "source_service_accounts": [],
            "source_tags": [],
            "target_service_accounts": [],
            "target_tags": [
              "server"
            ],
            "timeouts": null
          },
          "sensitive_attributes": [],
          "private": "eyJlMmJmYjczMC1lY2FhLTExZTYtOGY4OC0zNDM2M2JjN2M0YzAiOnsiY3JlYXRlIjoxMjAwMDAwMDAwMDAwLCJkZWxldGUiOjEyMDAwMDAwMDAwMDAsInVwZGF0ZSI6MTIwMDAwMDAwMDAwMH0sInNjaGVtYV92ZXJzaW9uIjoiMSJ9"
        }
      ]
    },
    {
      "mode": "managed",
      "type": "google_compute_firewall",
      "name": "allow_nodeport",
      "provider": "provider[\"registry.terraform.io/hashicorp/google\"]",
      "instances": [
        {
          "schema_version": 1,
          "attributes": {
            "allow": [
              {
                "ports": [
                  "30000-32767"
                ],
                "protocol": "tcp"
              }
            ],
            "creation_timestamp": "2025-08-30T04:26:44.048-07:00",
            "deny": [],
            "description": "",
            "destination_ranges": [],
            "direction": "INGRESS",
            "disabled": false,
            "enable_logging": null,
            "id": "projects/stoked-outlook-470308-s7/global/firewalls/kthw-allow-nodeport",
            "log_config": [],
            "name": "kthw-allow-nodeport",
            "network": "https://www.googleapis.com/compute/v1/projects/stoked-outlook-470308-s7/global/networks/default",
            "priority": 1000,
            "project": "stoked-outlook-470308-s7",
            "self_link": "https://www.googleapis.com/compute/v1/projects/stoked-outlook-470308-s7/global/firewalls/kthw-allow-nodeport",
            "source_ranges": [
              "0.0.0.0/0"
            ],
            "source_service_accounts": [],
            "source_tags": [],
            "target_service_accounts": [],
            "target_tags": [
              "worker"
            ],
            "timeouts": null
          },
          "sensitive_attributes": [],
          "private": "eyJlMmJmYjczMC1lY2FhLTExZTYtOGY4OC0zNDM2M2JjN2M0YzAiOnsiY3JlYXRlIjoxMjAwMDAwMDAwMDAwLCJkZWxldGUiOjEyMDAwMDAwMDAwMDAsInVwZGF0ZSI6MTIwMDAwMDAwMDAwMH0sInNjaGVtYV92ZXJzaW9uIjoiMSJ9"
        }
      ]
    },
    {
      "mode": "managed",
      "type": "google_compute_firewall",
      "name": "allow_ssh",
      "provider": "provider[\"registry.terraform.io/hashicorp/google\"]",
      "instances": [
        {
          "schema_version": 1,
          "attributes": {
            "allow": [
              {
                "ports": [
                  "22"
                ],
                "protocol": "tcp"
              }
            ],
            "creation_timestamp": "2025-08-30T04:26:44.187-07:00",
            "deny": [],
            "description": "",
            "destination_ranges": [],
            "direction": "INGRESS",
            "disabled": false,
            "enable_logging": null,
            "id": "projects/stoked-outlook-470308-s7/global/firewalls/kthw-allow-ssh",
            "log_config": [],
            "name": "kthw-allow-ssh",
            "network": "https://www.googleapis.com/compute/v1/projects/stoked-outlook-470308-s7/global/networks/default",
            "priority": 1000,
            "project": "stoked-outlook-470308-s7",
            "self_link": "https://www.googleapis.com/compute/v1/projects/stoked-outlook-470308-s7/global/firewalls/kthw-allow-ssh",
            "source_ranges": [
              "0.0.0.0/0"
            ],
            "source_service_accounts": [],
            "source_tags": [],
            "target_service_accounts": [],
            "target_tags": [
              "kthw"
            ],
            "timeouts": null
          },
          "sensitive_attributes": [],
          "private": "eyJlMmJmYjczMC1lY2FhLTExZTYtOGY4OC0zNDM2M2JjN2M0YzAiOnsiY3JlYXRlIjoxMjAwMDAwMDAwMDAwLCJkZWxldGUiOjEyMDAwMDAwMDAwMDAsInVwZGF0ZSI6MTIwMDAwMDAwMDAwMH0sInNjaGVtYV92ZXJzaW9uIjoiMSJ9"
        }
      ]
    },
    {
      "mode": "managed",
      "type": "google_compute_instance",
      "name": "jumpbox",
      "provider": "provider[\"registry.terraform.io/hashicorp/google\"]",
      "instances": [
        {
          "index_key": 0,
          "schema_version": 6,
          "attributes": {
            "advanced_machine_features": [],
            "allow_stopping_for_update": null,
            "attached_disk": [],
            "boot_disk": [
              {
                "auto_delete": true,
                "device_name": "persistent-disk-0",
                "disk_encryption_key_raw": "",
                "disk_encryption_key_sha256": "",
                "initialize_params": [
                  {
                    "image": "https://www.googleapis.com/compute/v1/projects/debian-cloud/global/images/debian-12-bookworm-v20250812",
                    "labels": {},
                    "resource_manager_tags": {},
                    "size": 20,
                    "type": "pd-standard"
                  }
                ],
                "kms_key_self_link": "",
                "mode": "READ_WRITE",
                "source": "https://www.googleapis.com/compute/v1/projects/stoked-outlook-470308-s7/zones/us-central1-a/disks/jumpbox-0"
              }
            ],
            "can_ip_forward": false,
            "confidential_instance_config": [],
            "cpu_platform": "Intel Broadwell",
            "current_status": "RUNNING",
            "deletion_protection": false,
            "description": "",
            "desired_status": null,
            "enable_display": false,
            "guest_accelerator": [],
            "hostname": "",
            "id": "projects/stoked-outlook-470308-s7/zones/us-central1-a/instances/jumpbox-0",
            "instance_id": "8823551640245068055",
            "label_fingerprint": "ZPQkcqGEdZg=",
            "labels": {
              "environment": "learning",
              "purpose": "kubernetes-the-hard-way",
              "role": "jumpbox"
            },
            "machine_type": "e2-small",
            "metadata": {
              "ssh-keys": "kthw-gcp:ssh-ed25519 AAAAC3NzaC1lZDI1NTE5AAAAIP7mTc6XN8urL1MCqCPDaMJoanyRNdXV8JSLTzXFf6Bq kthw-gcp\n"
            },
            "metadata_fingerprint": "mEXpmJ4U8Ac=",
            "metadata_startup_script": null,
            "min_cpu_platform": "",
            "name": "jumpbox-0",
            "network_interface": [
              {
                "access_config": [
                  {
                    "nat_ip": "34.67.97.45",
                    "network_tier": "PREMIUM",
                    "public_ptr_domain_name": ""
                  }
                ],
                "alias_ip_range": [],
                "internal_ipv6_prefix_length": 0,
                "ipv6_access_config": [],
                "ipv6_access_type": "",
                "ipv6_address": "",
                "name": "nic0",
                "network": "https://www.googleapis.com/compute/v1/projects/stoked-outlook-470308-s7/global/networks/default",
                "network_ip": "10.128.0.9",
                "nic_type": "",
                "queue_count": 0,
                "stack_type": "IPV4_ONLY",
                "subnetwork": "https://www.googleapis.com/compute/v1/projects/stoked-outlook-470308-s7/regions/us-central1/subnetworks/default",
                "subnetwork_project": "stoked-outlook-470308-s7"
              }
            ],
            "network_performance_config": [],
            "params": [],
            "project": "stoked-outlook-470308-s7",
            "reservation_affinity": [],
            "resource_policies": [],
            "scheduling": [
              {
                "automatic_restart": false,
                "instance_termination_action": "",
                "local_ssd_recovery_timeout": [],
                "min_node_cpus": 0,
                "node_affinities": [],
                "on_host_maintenance": "TERMINATE",
                "preemptible": true,
                "provisioning_model": ""
              }
            ],
            "scratch_disk": [],
            "self_link": "https://www.googleapis.com/compute/v1/projects/stoked-outlook-470308-s7/zones/us-central1-a/instances/jumpbox-0",
            "service_account": [],
            "shielded_instance_config": [
              {
                "enable_integrity_monitoring": true,
                "enable_secure_boot": false,
                "enable_vtpm": true
              }
            ],
            "tags": [
              "jumpbox",
              "kthw"
            ],
            "tags_fingerprint": "1jXdtM7DLNA=",
            "timeouts": null,
            "zone": "us-central1-a"
          },
          "sensitive_attributes": [],
          "private": "eyJlMmJmYjczMC1lY2FhLTExZTYtOGY4OC0zNDM2M2JjN2M0YzAiOnsiY3JlYXRlIjoxMjAwMDAwMDAwMDAwLCJkZWxldGUiOjEyMDAwMDAwMDAwMDAsInVwZGF0ZSI6MTIwMDAwMDAwMDAwMH0sInNjaGVtYV92ZXJzaW9uIjoiNiJ9"
        }
      ]
    },
    {
      "mode": "managed",
      "type": "google_compute_instance",
      "name": "server",
      "provider": "provider[\"registry.terraform.io/hashicorp/google\"]",
      "instances": [
        {
          "index_key": 0,
          "schema_version": 6,
          "attributes": {
            "advanced_machine_features": [],
            "allow_stopping_for_update": null,
            "attached_disk": [],
            "boot_disk": [
              {
                "auto_delete": true,
                "device_name": "persistent-disk-0",
                "disk_encryption_key_raw": "",
                "disk_encryption_key_sha256": "",
                "initialize_params": [
                  {
                    "image": "https://www.googleapis.com/compute/v1/projects/debian-cloud/global/images/debian-12-bookworm-v20250812",
                    "labels": {},
                    "resource_manager_tags": null,
                    "size": 20,
                    "type": "pd-standard"
                  }
                ],
                "kms_key_self_link": "",
                "mode": "READ_WRITE",
                "source": "https://www.googleapis.com/compute/v1/projects/stoked-outlook-470308-s7/zones/us-central1-a/disks/server"
              }
            ],
            "can_ip_forward": false,
            "confidential_instance_config": [],
            "cpu_platform": "AMD Rome",
            "current_status": "RUNNING",
            "deletion_protection": false,
            "description": "",
            "desired_status": null,
            "enable_display": false,
            "guest_accelerator": [],
            "hostname": "",
            "id": "projects/stoked-outlook-470308-s7/zones/us-central1-a/instances/server",
            "instance_id": "1862703276103785581",
            "label_fingerprint": "PkQ1PFsGh1o=",
            "labels": {
              "environment": "learning",
              "purpose": "kubernetes-the-hard-way",
              "role": "server"
            },
            "machine_type": "e2-small",
            "metadata": {
              "ssh-keys": "kthw-gcp:ssh-ed25519 AAAAC3NzaC1lZDI1NTE5AAAAIP7mTc6XN8urL1MCqCPDaMJoanyRNdXV8JSLTzXFf6Bq kthw-gcp\n"
            },
            "metadata_fingerprint": "mEXpmJ4U8Ac=",
            "metadata_startup_script": null,
            "min_cpu_platform": "",
            "name": "server",
            "network_interface": [
              {
                "access_config": [
                  {
                    "nat_ip": "146.148.75.190",
                    "network_tier": "PREMIUM",
                    "public_ptr_domain_name": ""
                  }
                ],
                "alias_ip_range": [],
                "internal_ipv6_prefix_length": 0,
                "ipv6_access_config": [],
                "ipv6_access_type": "",
                "ipv6_address": "",
                "name": "nic0",
                "network": "https://www.googleapis.com/compute/v1/projects/stoked-outlook-470308-s7/global/networks/default",
                "network_ip": "10.128.0.10",
                "nic_type": "",
                "queue_count": 0,
                "stack_type": "IPV4_ONLY",
                "subnetwork": "https://www.googleapis.com/compute/v1/projects/stoked-outlook-470308-s7/regions/us-central1/subnetworks/default",
                "subnetwork_project": "stoked-outlook-470308-s7"
              }
            ],
            "network_performance_config": [],
            "params": [],
            "project": "stoked-outlook-470308-s7",
            "reservation_affinity": [],
            "resource_policies": null,
            "scheduling": [
              {
                "automatic_restart": false,
                "instance_termination_action": "",
                "local_ssd_recovery_timeout": [],
                "min_node_cpus": 0,
                "node_affinities": [],
                "on_host_maintenance": "TERMINATE",
                "preemptible": true,
                "provisioning_model": ""
              }
            ],
            "scratch_disk": [],
            "self_link": "https://www.googleapis.com/compute/v1/projects/stoked-outlook-470308-s7/zones/us-central1-a/instances/server",
            "service_account": [],
            "shielded_instance_config": [
              {
                "enable_integrity_monitoring": true,
                "enable_secure_boot": false,
                "enable_vtpm": true
              }
            ],
            "tags": [
              "kthw",
              "server"
            ],
            "tags_fingerprint": "FojRMRhNKfI=",
            "timeouts": null,
            "zone": "us-central1-a"
          },
          "sensitive_attributes": [],
          "private": "eyJlMmJmYjczMC1lY2FhLTExZTYtOGY4OC0zNDM2M2JjN2M0YzAiOnsiY3JlYXRlIjoxMjAwMDAwMDAwMDAwLCJkZWxldGUiOjEyMDAwMDAwMDAwMDAsInVwZGF0ZSI6MTIwMDAwMDAwMDAwMH0sInNjaGVtYV92ZXJzaW9uIjoiNiJ9"
        }
      ]
    },
    {
      "mode": "managed",
      "type": "google_compute_instance",
      "name": "worker",
      "provider": "provider[\"registry.terraform.io/hashicorp/google\"]",
      "instances": [
        {
          "index_key": 0,
          "schema_version": 6,
          "attributes": {
            "advanced_machine_features": [],
            "allow_stopping_for_update": null,
            "attached_disk": [],
            "boot_disk": [
              {
                "auto_delete": true,
                "device_name": "persistent-disk-0",
                "disk_encryption_key_raw": "",
                "disk_encryption_key_sha256": "",
                "initialize_params": [
                  {
                    "image": "https://www.googleapis.com/compute/v1/projects/debian-cloud/global/images/debian-12-bookworm-v20250812",
                    "labels": {},
                    "resource_manager_tags": {},
                    "size": 20,
                    "type": "pd-standard"
                  }
                ],
                "kms_key_self_link": "",
                "mode": "READ_WRITE",
                "source": "https://www.googleapis.com/compute/v1/projects/stoked-outlook-470308-s7/zones/us-central1-a/disks/node-0"
              }
            ],
            "can_ip_forward": false,
            "confidential_instance_config": [],
            "cpu_platform": "Intel Broadwell",
            "current_status": "RUNNING",
            "deletion_protection": false,
            "description": "",
            "desired_status": null,
            "enable_display": false,
            "guest_accelerator": [],
            "hostname": "",
            "id": "projects/stoked-outlook-470308-s7/zones/us-central1-a/instances/node-0",
            "instance_id": "271135975577444632",
            "label_fingerprint": "FYWFs1KMcxk=",
            "labels": {
              "environment": "learning",
              "purpose": "kubernetes-the-hard-way",
              "role": "worker"
            },
            "machine_type": "e2-small",
            "metadata": {
              "ssh-keys": "kthw-gcp:ssh-ed25519 AAAAC3NzaC1lZDI1NTE5AAAAIP7mTc6XN8urL1MCqCPDaMJoanyRNdXV8JSLTzXFf6Bq kthw-gcp\n"
            },
            "metadata_fingerprint": "mEXpmJ4U8Ac=",
            "metadata_startup_script": null,
            "min_cpu_platform": "",
            "name": "node-0",
            "network_interface": [
              {
                "access_config": [
                  {
                    "nat_ip": "35.239.81.253",
                    "network_tier": "PREMIUM",
                    "public_ptr_domain_name": ""
                  }
                ],
                "alias_ip_range": [],
                "internal_ipv6_prefix_length": 0,
                "ipv6_access_config": [],
                "ipv6_access_type": "",
                "ipv6_address": "",
                "name": "nic0",
                "network": "https://www.googleapis.com/compute/v1/projects/stoked-outlook-470308-s7/global/networks/default",
                "network_ip": "10.128.0.6",
                "nic_type": "",
                "queue_count": 0,
                "stack_type": "IPV4_ONLY",
                "subnetwork": "https://www.googleapis.com/compute/v1/projects/stoked-outlook-470308-s7/regions/us-central1/subnetworks/default",
                "subnetwork_project": "stoked-outlook-470308-s7"
              }
            ],
            "network_performance_config": [],
            "params": [],
            "project": "stoked-outlook-470308-s7",
            "reservation_affinity": [],
            "resource_policies": [],
            "scheduling": [
              {
                "automatic_restart": false,
                "instance_termination_action": "",
                "local_ssd_recovery_timeout": [],
                "min_node_cpus": 0,
                "node_affinities": [],
                "on_host_maintenance": "TERMINATE",
                "preemptible": true,
                "provisioning_model": ""
              }
            ],
            "scratch_disk": [],
            "self_link": "https://www.googleapis.com/compute/v1/projects/stoked-outlook-470308-s7/zones/us-central1-a/instances/node-0",
            "service_account": [],
            "shielded_instance_config": [
              {
                "enable_integrity_monitoring": true,
                "enable_secure_boot": false,
                "enable_vtpm": true
              }
            ],
            "tags": [
              "kthw",
              "worker"
            ],
            "tags_fingerprint": "g751p95Hx8Q=",
            "timeouts": null,
            "zone": "us-central1-a"
          },
          "sensitive_attributes": [],
          "private": "eyJlMmJmYjczMC1lY2FhLTExZTYtOGY4OC0zNDM2M2JjN2M0YzAiOnsiY3JlYXRlIjoxMjAwMDAwMDAwMDAwLCJkZWxldGUiOjEyMDAwMDAwMDAwMDAsInVwZGF0ZSI6MTIwMDAwMDAwMDAwMH0sInNjaGVtYV92ZXJzaW9uIjoiNiJ9"
        },
        {
          "index_key": 1,
          "schema_version": 6,
          "attributes": {
            "advanced_machine_features": [],
            "allow_stopping_for_update": null,
            "attached_disk": [],
            "boot_disk": [
              {
                "auto_delete": true,
                "device_name": "persistent-disk-0",
                "disk_encryption_key_raw": "",
                "disk_encryption_key_sha256": "",
                "initialize_params": [
                  {
                    "image": "https://www.googleapis.com/compute/v1/projects/debian-cloud/global/images/debian-12-bookworm-v20250812",
                    "labels": {},
                    "resource_manager_tags": {},
                    "size": 20,
                    "type": "pd-standard"
                  }
                ],
                "kms_key_self_link": "",
                "mode": "READ_WRITE",
                "source": "https://www.googleapis.com/compute/v1/projects/stoked-outlook-470308-s7/zones/us-central1-a/disks/node-1"
              }
            ],
            "can_ip_forward": false,
            "confidential_instance_config": [],
            "cpu_platform": "Intel Broadwell",
            "current_status": "RUNNING",
            "deletion_protection": false,
            "description": "",
            "desired_status": null,
            "enable_display": false,
            "guest_accelerator": [],
            "hostname": "",
            "id": "projects/stoked-outlook-470308-s7/zones/us-central1-a/instances/node-1",
            "instance_id": "3923619526085665047",
            "label_fingerprint": "FYWFs1KMcxk=",
            "labels": {
              "environment": "learning",
              "purpose": "kubernetes-the-hard-way",
              "role": "worker"
            },
            "machine_type": "e2-small",
            "metadata": {
              "ssh-keys": "kthw-gcp:ssh-ed25519 AAAAC3NzaC1lZDI1NTE5AAAAIP7mTc6XN8urL1MCqCPDaMJoanyRNdXV8JSLTzXFf6Bq kthw-gcp\n"
            },
            "metadata_fingerprint": "mEXpmJ4U8Ac=",
            "metadata_startup_script": null,
            "min_cpu_platform": "",
            "name": "node-1",
            "network_interface": [
              {
                "access_config": [
                  {
                    "nat_ip": "34.68.239.172",
                    "network_tier": "PREMIUM",
                    "public_ptr_domain_name": ""
                  }
                ],
                "alias_ip_range": [],
                "internal_ipv6_prefix_length": 0,
                "ipv6_access_config": [],
                "ipv6_access_type": "",
                "ipv6_address": "",
                "name": "nic0",
                "network": "https://www.googleapis.com/compute/v1/projects/stoked-outlook-470308-s7/global/networks/default",
                "network_ip": "10.128.0.7",
                "nic_type": "",
                "queue_count": 0,
                "stack_type": "IPV4_ONLY",
                "subnetwork": "https://www.googleapis.com/compute/v1/projects/stoked-outlook-470308-s7/regions/us-central1/subnetworks/default",
                "subnetwork_project": "stoked-outlook-470308-s7"
              }
            ],
            "network_performance_config": [],
            "params": [],
            "project": "stoked-outlook-470308-s7",
            "reservation_affinity": [],
            "resource_policies": [],
            "scheduling": [
              {
                "automatic_restart": false,
                "instance_termination_action": "",
                "local_ssd_recovery_timeout": [],
                "min_node_cpus": 0,
                "node_affinities": [],
                "on_host_maintenance": "TERMINATE",
                "preemptible": true,
                "provisioning_model": ""
              }
            ],
            "scratch_disk": [],
            "self_link": "https://www.googleapis.com/compute/v1/projects/stoked-outlook-470308-s7/zones/us-central1-a/instances/node-1",
            "service_account": [],
            "shielded_instance_config": [
              {
                "enable_integrity_monitoring": true,
                "enable_secure_boot": false,
                "enable_vtpm": true
              }
            ],
            "tags": [
              "kthw",
              "worker"
            ],
            "tags_fingerprint": "g751p95Hx8Q=",
            "timeouts": null,
            "zone": "us-central1-a"
          },
          "sensitive_attributes": [],
          "private": "eyJlMmJmYjczMC1lY2FhLTExZTYtOGY4OC0zNDM2M2JjN2M0YzAiOnsiY3JlYXRlIjoxMjAwMDAwMDAwMDAwLCJkZWxldGUiOjEyMDAwMDAwMDAwMDAsInVwZGF0ZSI6MTIwMDAwMDAwMDAwMH0sInNjaGVtYV92ZXJzaW9uIjoiNiJ9"
        }
      ]
    }
  ],
  "check_results": null
}
